
Microsoft Visual Studio Solution File, Format Version 12.00
# Visual Studio Version 16
VisualStudioVersion = 16.0.810.21
MinimumVisualStudioVersion = 10.0.40219.1
Project("{FAE04EC0-301F-11D3-BF4B-00C04F79EFBC}") = "Test.WebApi", "Test.WebApi\Test.WebApi.csproj", "{50628688-57B4-46C4-A22B-33665C5C4DCA}"
EndProject
Project("{FAE04EC0-301F-11D3-BF4B-00C04F79EFBC}") = "ShardingCoreTest", "ShardingCoreTest\ShardingCoreTest.csproj", "{4DC9EA05-D32E-4799-9C6F-09065DE6B652}"
EndProject
Project("{FAE04EC0-301F-11D3-BF4B-00C04F79EFBC}") = "Test.Producer", "Test.Producer\Test.Producer.csproj", "{EC8FEBA6-8354-4B73-97AD-72F0DCD9EA8E}"
EndProject
Project("{FAE04EC0-301F-11D3-BF4B-00C04F79EFBC}") = "Test.Consumer", "Test.Consumer\Test.Consumer.csproj", "{9FC98D8B-FFBA-4C05-A798-EFCE9F95AC33}"
EndProject
Project("{FAE04EC0-301F-11D3-BF4B-00C04F79EFBC}") = "AADTest", "AADTest\AADTest.csproj", "{709B45B6-3269-4B30-A0E6-388063A7C4E7}"
EndProject
Global
	GlobalSection(SolutionConfigurationPlatforms) = preSolution
		Debug|Any CPU = Debug|Any CPU
		Release|Any CPU = Release|Any CPU
	EndGlobalSection
	GlobalSection(ProjectConfigurationPlatforms) = postSolution
		{50628688-57B4-46C4-A22B-33665C5C4DCA}.Debug|Any CPU.ActiveCfg = Debug|Any CPU
		{50628688-57B4-46C4-A22B-33665C5C4DCA}.Debug|Any CPU.Build.0 = Debug|Any CPU
		{50628688-57B4-46C4-A22B-33665C5C4DCA}.Release|Any CPU.ActiveCfg = Release|Any CPU
		{50628688-57B4-46C4-A22B-33665C5C4DCA}.Release|Any CPU.Build.0 = Release|Any CPU
		{4DC9EA05-D32E-4799-9C6F-09065DE6B652}.Debug|Any CPU.ActiveCfg = Debug|Any CPU
		{4DC9EA05-D32E-4799-9C6F-09065DE6B652}.Debug|Any CPU.Build.0 = Debug|Any CPU
		{4DC9EA05-D32E-4799-9C6F-09065DE6B652}.Release|Any CPU.ActiveCfg = Release|Any CPU
		{4DC9EA05-D32E-4799-9C6F-09065DE6B652}.Release|Any CPU.Build.0 = Release|Any CPU
		{EC8FEBA6-8354-4B73-97AD-72F0DCD9EA8E}.Debug|Any CPU.ActiveCfg = Debug|Any CPU
		{EC8FEBA6-8354-4B73-97AD-72F0DCD9EA8E}.Debug|Any CPU.Build.0 = Debug|Any CPU
		{EC8FEBA6-8354-4B73-97AD-72F0DCD9EA8E}.Release|Any CPU.ActiveCfg = Release|Any CPU
		{EC8FEBA6-8354-4B73-97AD-72F0DCD9EA8E}.Release|Any CPU.Build.0 = Release|Any CPU
		{9FC98D8B-FFBA-4C05-A798-EFCE9F95AC33}.Debug|Any CPU.ActiveCfg = Debug|Any CPU
		{9FC98D8B-FFBA-4C05-A798-EFCE9F95AC33}.Debug|Any CPU.Build.0 = Debug|Any CPU
		{9FC98D8B-FFBA-4C05-A798-EFCE9F95AC33}.Release|Any CPU.ActiveCfg = Release|Any CPU
		{9FC98D8B-FFBA-4C05-A798-EFCE9F95AC33}.Release|Any CPU.Build.0 = Release|Any CPU
		{709B45B6-3269-4B30-A0E6-388063A7C4E7}.Debug|Any CPU.ActiveCfg = Debug|Any CPU
		{709B45B6-3269-4B30-A0E6-388063A7C4E7}.Debug|Any CPU.Build.0 = Debug|Any CPU
		{709B45B6-3269-4B30-A0E6-388063A7C4E7}.Release|Any CPU.ActiveCfg = Release|Any CPU
		{709B45B6-3269-4B30-A0E6-388063A7C4E7}.Release|Any CPU.Build.0 = Release|Any CPU
	EndGlobalSection
	GlobalSection(SolutionProperties) = preSolution
		HideSolutionNode = FALSE
	EndGlobalSection
	GlobalSection(ExtensibilityGlobals) = postSolution
		SolutionGuid = {D2B419C4-43C1-48CE-B72C-92F31FEED987}
	EndGlobalSection
EndGlobal
